
Microsoft Visual Studio Solution File, Format Version 12.00
# Visual Studio Version 16
VisualStudioVersion = 16.0.31613.86
MinimumVisualStudioVersion = 10.0.40219.1
Project("{FAE04EC0-301F-11D3-BF4B-00C04F79EFBC}") = "ДЗ к 5 уроку 2 задание", "ДЗ к 5 уроку 2 задание.csproj", "{80D489CF-E40D-4B84-85C1-DE4B52BC44D7}"
EndProject
Global
	GlobalSection(SolutionConfigurationPlatforms) = preSolution
		Debug|Any CPU = Debug|Any CPU
		Release|Any CPU = Release|Any CPU
	EndGlobalSection
	GlobalSection(ProjectConfigurationPlatforms) = postSolution
		{80D489CF-E40D-4B84-85C1-DE4B52BC44D7}.Debug|Any CPU.ActiveCfg = Debug|Any CPU
		{80D489CF-E40D-4B84-85C1-DE4B52BC44D7}.Debug|Any CPU.Build.0 = Debug|Any CPU
		{80D489CF-E40D-4B84-85C1-DE4B52BC44D7}.Release|Any CPU.ActiveCfg = Release|Any CPU
		{80D489CF-E40D-4B84-85C1-DE4B52BC44D7}.Release|Any CPU.Build.0 = Release|Any CPU
	EndGlobalSection
	GlobalSection(SolutionProperties) = preSolution
		HideSolutionNode = FALSE
	EndGlobalSection
	GlobalSection(ExtensibilityGlobals) = postSolution
		SolutionGuid = {4647A6A4-DEC8-4EA7-A82A-B314DE40D512}
	EndGlobalSection
EndGlobal
