
Microsoft Visual Studio Solution File, Format Version 12.00
# Visual Studio Version 16
VisualStudioVersion = 16.0.31613.86
MinimumVisualStudioVersion = 10.0.40219.1
Project("{FAE04EC0-301F-11D3-BF4B-00C04F79EFBC}") = "ДЗ для 3 урока 2 задание", "ДЗ для 3 урока 2 задание.csproj", "{CA50047B-0C35-467A-8DBC-2487B538B7B5}"
EndProject
Global
	GlobalSection(SolutionConfigurationPlatforms) = preSolution
		Debug|Any CPU = Debug|Any CPU
		Release|Any CPU = Release|Any CPU
	EndGlobalSection
	GlobalSection(ProjectConfigurationPlatforms) = postSolution
		{CA50047B-0C35-467A-8DBC-2487B538B7B5}.Debug|Any CPU.ActiveCfg = Debug|Any CPU
		{CA50047B-0C35-467A-8DBC-2487B538B7B5}.Debug|Any CPU.Build.0 = Debug|Any CPU
		{CA50047B-0C35-467A-8DBC-2487B538B7B5}.Release|Any CPU.ActiveCfg = Release|Any CPU
		{CA50047B-0C35-467A-8DBC-2487B538B7B5}.Release|Any CPU.Build.0 = Release|Any CPU
	EndGlobalSection
	GlobalSection(SolutionProperties) = preSolution
		HideSolutionNode = FALSE
	EndGlobalSection
	GlobalSection(ExtensibilityGlobals) = postSolution
		SolutionGuid = {2E32D665-6E2E-41FD-8450-B02061557656}
	EndGlobalSection
EndGlobal
