
Microsoft Visual Studio Solution File, Format Version 12.00
# Visual Studio Version 16
VisualStudioVersion = 16.0.31613.86
MinimumVisualStudioVersion = 10.0.40219.1
Project("{FAE04EC0-301F-11D3-BF4B-00C04F79EFBC}") = "ДЗ к 5 уроку 3 задание", "ДЗ к 5 уроку 3 задание.csproj", "{E0A028A9-778A-477F-9D8A-CC478310817B}"
EndProject
Global
	GlobalSection(SolutionConfigurationPlatforms) = preSolution
		Debug|Any CPU = Debug|Any CPU
		Release|Any CPU = Release|Any CPU
	EndGlobalSection
	GlobalSection(ProjectConfigurationPlatforms) = postSolution
		{E0A028A9-778A-477F-9D8A-CC478310817B}.Debug|Any CPU.ActiveCfg = Debug|Any CPU
		{E0A028A9-778A-477F-9D8A-CC478310817B}.Debug|Any CPU.Build.0 = Debug|Any CPU
		{E0A028A9-778A-477F-9D8A-CC478310817B}.Release|Any CPU.ActiveCfg = Release|Any CPU
		{E0A028A9-778A-477F-9D8A-CC478310817B}.Release|Any CPU.Build.0 = Release|Any CPU
	EndGlobalSection
	GlobalSection(SolutionProperties) = preSolution
		HideSolutionNode = FALSE
	EndGlobalSection
	GlobalSection(ExtensibilityGlobals) = postSolution
		SolutionGuid = {58EF3FE1-669A-412E-A6B0-00D344961B3C}
	EndGlobalSection
EndGlobal
