
Microsoft Visual Studio Solution File, Format Version 12.00
# Visual Studio Version 16
VisualStudioVersion = 16.0.31613.86
MinimumVisualStudioVersion = 10.0.40219.1
Project("{FAE04EC0-301F-11D3-BF4B-00C04F79EFBC}") = "DZ 4 zadanie 1", "DZ 4 zadanie 1.csproj", "{348B4495-DCD9-4C1A-9002-9EC5C160B3F5}"
EndProject
Global
	GlobalSection(SolutionConfigurationPlatforms) = preSolution
		Debug|Any CPU = Debug|Any CPU
		Release|Any CPU = Release|Any CPU
	EndGlobalSection
	GlobalSection(ProjectConfigurationPlatforms) = postSolution
		{348B4495-DCD9-4C1A-9002-9EC5C160B3F5}.Debug|Any CPU.ActiveCfg = Debug|Any CPU
		{348B4495-DCD9-4C1A-9002-9EC5C160B3F5}.Debug|Any CPU.Build.0 = Debug|Any CPU
		{348B4495-DCD9-4C1A-9002-9EC5C160B3F5}.Release|Any CPU.ActiveCfg = Release|Any CPU
		{348B4495-DCD9-4C1A-9002-9EC5C160B3F5}.Release|Any CPU.Build.0 = Release|Any CPU
	EndGlobalSection
	GlobalSection(SolutionProperties) = preSolution
		HideSolutionNode = FALSE
	EndGlobalSection
	GlobalSection(ExtensibilityGlobals) = postSolution
		SolutionGuid = {F32E1139-F654-477A-B6D4-9FBD8E818C17}
	EndGlobalSection
EndGlobal
